
Microsoft Visual Studio Solution File, Format Version 12.00
# Visual Studio Version 16
VisualStudioVersion = 16.0.30204.135
MinimumVisualStudioVersion = 10.0.40219.1
Project("{FAE04EC0-301F-11D3-BF4B-00C04F79EFBC}") = "Proje_Hastane", "Proje_Hastane\Proje_Hastane.csproj", "{5A6260C5-84F6-470C-8625-EA0334026BA2}"
EndProject
Global
	GlobalSection(SolutionConfigurationPlatforms) = preSolution
		Debug|Any CPU = Debug|Any CPU
		Release|Any CPU = Release|Any CPU
	EndGlobalSection
	GlobalSection(ProjectConfigurationPlatforms) = postSolution
		{5A6260C5-84F6-470C-8625-EA0334026BA2}.Debug|Any CPU.ActiveCfg = Debug|Any CPU
		{5A6260C5-84F6-470C-8625-EA0334026BA2}.Debug|Any CPU.Build.0 = Debug|Any CPU
		{5A6260C5-84F6-470C-8625-EA0334026BA2}.Release|Any CPU.ActiveCfg = Release|Any CPU
		{5A6260C5-84F6-470C-8625-EA0334026BA2}.Release|Any CPU.Build.0 = Release|Any CPU
	EndGlobalSection
	GlobalSection(SolutionProperties) = preSolution
		HideSolutionNode = FALSE
	EndGlobalSection
	GlobalSection(ExtensibilityGlobals) = postSolution
		SolutionGuid = {45BE543E-9B80-458B-8579-E48D7E368C24}
	EndGlobalSection
EndGlobal
